
Microsoft Visual Studio Solution File, Format Version 12.00
# Visual Studio Version 17
VisualStudioVersion = 17.9.34723.18
MinimumVisualStudioVersion = 10.0.40219.1
Project("{FAE04EC0-301F-11D3-BF4B-00C04F79EFBC}") = "Roster", "Roster\Roster.csproj", "{2219C14F-B879-4E28-AD08-529ADCADDD7E}"
EndProject
Global
	GlobalSection(SolutionConfigurationPlatforms) = preSolution
		Debug|Any CPU = Debug|Any CPU
		Release|Any CPU = Release|Any CPU
	EndGlobalSection
	GlobalSection(ProjectConfigurationPlatforms) = postSolution
		{2219C14F-B879-4E28-AD08-529ADCADDD7E}.Debug|Any CPU.ActiveCfg = Debug|Any CPU
		{2219C14F-B879-4E28-AD08-529ADCADDD7E}.Debug|Any CPU.Build.0 = Debug|Any CPU
		{2219C14F-B879-4E28-AD08-529ADCADDD7E}.Release|Any CPU.ActiveCfg = Release|Any CPU
		{2219C14F-B879-4E28-AD08-529ADCADDD7E}.Release|Any CPU.Build.0 = Release|Any CPU
	EndGlobalSection
	GlobalSection(SolutionProperties) = preSolution
		HideSolutionNode = FALSE
	EndGlobalSection
	GlobalSection(ExtensibilityGlobals) = postSolution
		SolutionGuid = {C4B4DC12-ED58-4B9E-AEF0-FBD493F3F5D0}
	EndGlobalSection
EndGlobal
